PATH
  remote: .
  specs:
    rubernetes (0.1.0)
      base64 (~> 0.2)
      csv (~> 3.3)
      fiddle (~> 1.1, >= 1.1.0)

GEM
  remote: https://rubygems.org/
  specs:
    base64 (0.3.0)
    bigdecimal (4.1.2)
    csv (3.3.6)
    fiddle (1.1.8)
    google-protobuf (4.36.0)
      bigdecimal
      rake (~> 13.3)
    google-protobuf (4.36.0-x86_64-linux-gnu)
      bigdecimal
      rake (~> 13.3)
    googleapis-common-protos-types (1.23.0)
      google-protobuf (~> 4.26)
    grpc (1.83.0)
      google-protobuf (>= 3.25, < 5.0)
      googleapis-common-protos-types (~> 1.0)
    grpc (1.83.0-x86_64-linux-gnu)
      google-protobuf (>= 3.25, < 5.0)
      googleapis-common-protos-types (~> 1.0)
    grpc-tools (1.83.0)
    logger (1.6.4)
    minitest (5.25.4)
    rake (13.4.2)
    rbs (3.8.0)
      logger
    rexml (3.4.4)

PLATFORMS
  ruby
  x86_64-linux

DEPENDENCIES
  google-protobuf (= 4.36.0)
  grpc (= 1.83.0)
  grpc-tools (= 1.83.0)
  minitest (~> 5.25)
  rake (~> 13.2)
  rbs (~> 3.8)
  rexml (~> 3.4)
  rubernetes!

RUBY VERSION
   ruby 3.4.11p137

BUNDLED WITH
   2.6.9
